// !$*UTF8*$!
{
	archiveVersion = 1;
	classes = {
	};
	objectVersion = 56;
	objects = {

/* Begin PBXBuildFile section */
		D314036D2BC27EF000BF9621 /* BingoApp.swift in Sources */ = {isa = PBXBuildFile; fileRef = D314036C2BC27EF000BF9621 /* BingoApp.swift */; };
		D314036F2BC27EF000BF9621 /* ContentView.swift in Sources */ = {isa = PBXBuildFile; fileRef = D314036E2BC27EF000BF9621 /* ContentView.swift */; };
		D31403712BC27EF200BF9621 /* Assets.xcassets in Resources */ = {isa = PBXBuildFile; fileRef = D31403702BC27EF200BF9621 /* Assets.xcassets */; };
		D31403742BC27EF200BF9621 /* Preview Assets.xcassets in Resources */ = {isa = PBXBuildFile; fileRef = D31403732BC27EF200BF9621 /* Preview Assets.xcassets */; };
		D314037B2BC27F6700BF9621 /* GameView.swift in Sources */ = {isa = PBXBuildFile; fileRef = D314037A2BC27F6700BF9621 /* GameView.swift */; };
		D314037D2BC27F7700BF9621 /* BingoClient.swift in Sources */ = {isa = PBXBuildFile; fileRef = D314037C2BC27F7700BF9621 /* BingoClient.swift */; };
		D31403802BC2807700BF9621 /* SocketIO in Frameworks */ = {isa = PBXBuildFile; productRef = D314037F2BC2807700BF9621 /* SocketIO */; };
		D31403832BC280A700BF9621 /* Collections in Frameworks */ = {isa = PBXBuildFile; productRef = D31403822BC280A700BF9621 /* Collections */; };
		D31403852BC280A700BF9621 /* DequeModule in Frameworks */ = {isa = PBXBuildFile; productRef = D31403842BC280A700BF9621 /* DequeModule */; };
		D31403872BC280A700BF9621 /* OrderedCollections in Frameworks */ = {isa = PBXBuildFile; productRef = D31403862BC280A700BF9621 /* OrderedCollections */; };
/* End PBXBuildFile section */

/* Begin PBXFileReference section */
		D31403692BC27EF000BF9621 /* Bingo-iOS.app */ = {isa = PBXFileReference; explicitFileType = wrapper.application; includeInIndex = 0; path = "Bingo-iOS.app"; sourceTree = BUILT_PRODUCTS_DIR; };
		D314036C2BC27EF000BF9621 /* BingoApp.swift */ = {isa = PBXFileReference; lastKnownFileType = sourcecode.swift; path = BingoApp.swift; sourceTree = "<group>"; };
		D314036E2BC27EF000BF9621 /* ContentView.swift */ = {isa = PBXFileReference; lastKnownFileType = sourcecode.swift; path = ContentView.swift; sourceTree = "<group>"; };
		D31403702BC27EF200BF9621 /* Assets.xcassets */ = {isa = PBXFileReference; lastKnownFileType = folder.assetcatalog; path = Assets.xcassets; sourceTree = "<group>"; };
		D31403732BC27EF200BF9621 /* Preview Assets.xcassets */ = {isa = PBXFileReference; lastKnownFileType = folder.assetcatalog; path = "Preview Assets.xcassets"; sourceTree = "<group>"; };
		D314037A2BC27F6700BF9621 /* GameView.swift */ = {isa = PBXFileReference; lastKnownFileType = sourcecode.swift; path = GameView.swift; sourceTree = "<group>"; };
		D314037C2BC27F7700BF9621 /* BingoClient.swift */ = {isa = PBXFileReference; lastKnownFileType = sourcecode.swift; path = BingoClient.swift; sourceTree = "<group>"; };
/* End PBXFileReference section */

/* Begin PBXFrameworksBuildPhase section */
		D31403662BC27EF000BF9621 /* Frameworks */ = {
			isa = PBXFrameworksBuildPhase;
			buildActionMask = 2147483647;
			files = (
				D31403832BC280A700BF9621 /* Collections in Frameworks */,
				D31403802BC2807700BF9621 /* SocketIO in Frameworks */,
				D31403872BC280A700BF9621 /* OrderedCollections in Frameworks */,
				D31403852BC280A700BF9621 /* DequeModule in Frameworks */,
			);
			runOnlyForDeploymentPostprocessing = 0;
		};
/* End PBXFrameworksBuildPhase section */

/* Begin PBXGroup section */
		D31403602BC27EF000BF9621 = {
			isa = PBXGroup;
			children = (
				D314036B2BC27EF000BF9621 /* Bingo-iOS */,
				D314036A2BC27EF000BF9621 /* Products */,
			);
			sourceTree = "<group>";
		};
		D314036A2BC27EF000BF9621 /* Products */ = {
			isa = PBXGroup;
			children = (
				D31403692BC27EF000BF9621 /* Bingo-iOS.app */,
			);
			name = Products;
			sourceTree = "<group>";
		};
		D314036B2BC27EF000BF9621 /* Bingo-iOS */ = {
			isa = PBXGroup;
			children = (
				D314036C2BC27EF000BF9621 /* BingoApp.swift */,
				D314036E2BC27EF000BF9621 /* ContentView.swift */,
				D314037A2BC27F6700BF9621 /* GameView.swift */,
				D314037C2BC27F7700BF9621 /* BingoClient.swift */,
				D31403702BC27EF200BF9621 /* Assets.xcassets */,
				D31403722BC27EF200BF9621 /* Preview Content */,
			);
			path = "Bingo-iOS";
			sourceTree = "<group>";
		};
		D31403722BC27EF200BF9621 /* Preview Content */ = {
			isa = PBXGroup;
			children = (
				D31403732BC27EF200BF9621 /* Preview Assets.xcassets */,
			);
			path = "Preview Content";
			sourceTree = "<group>";
		};
/* End PBXGroup section */

/* Begin PBXNativeTarget section */
		D31403682BC27EF000BF9621 /* Bingo-iOS */ = {
			isa = PBXNativeTarget;
			buildConfigurationList = D31403772BC27EF200BF9621 /* Build configuration list for PBXNativeTarget "Bingo-iOS" */;
			buildPhases = (
				D31403652BC27EF000BF9621 /* Sources */,
				D31403662BC27EF000BF9621 /* Frameworks */,
				D31403672BC27EF000BF9621 /* Resources */,
			);
			buildRules = (
			);
			dependencies = (
			);
			name = "Bingo-iOS";
			packageProductDependencies = (
				D314037F2BC2807700BF9621 /* SocketIO */,
				D31403822BC280A700BF9621 /* Collections */,
				D31403842BC280A700BF9621 /* DequeModule */,
				D31403862BC280A700BF9621 /* OrderedCollections */,
			);
			productName = "Bingo-iOS";
			productReference = D31403692BC27EF000BF9621 /* Bingo-iOS.app */;
			productType = "com.apple.product-type.application";
		};
/* End PBXNativeTarget section */

/* Begin PBXProject section */
		D31403612BC27EF000BF9621 /* Project object */ = {
			isa = PBXProject;
			attributes = {
				BuildIndependentTargetsInParallel = 1;
				LastSwiftUpdateCheck = 1530;
				LastUpgradeCheck = 1530;
				TargetAttributes = {
					D31403682BC27EF000BF9621 = {
						CreatedOnToolsVersion = 15.3;
					};
				};
			};
			buildConfigurationList = D31403642BC27EF000BF9621 /* Build configuration list for PBXProject "Bingo-iOS" */;
			compatibilityVersion = "Xcode 14.0";
			developmentRegion = en;
			hasScannedForEncodings = 0;
			knownRegions = (
				en,
				Base,
			);
			mainGroup = D31403602BC27EF000BF9621;
			packageReferences = (
				D314037E2BC2807700BF9621 /* XCRemoteSwiftPackageReference "socket" */,
				D31403812BC280A700BF9621 /* XCRemoteSwiftPackageReference "swift-collections" */,
			);
			productRefGroup = D314036A2BC27EF000BF9621 /* Products */;
			projectDirPath = "";
			projectRoot = "";
			targets = (
				D31403682BC27EF000BF9621 /* Bingo-iOS */,
			);
		};
/* End PBXProject section */

/* Begin PBXResourcesBuildPhase section */
		D31403672BC27EF000BF9621 /* Resources */ = {
			isa = PBXResourcesBuildPhase;
			buildActionMask = 2147483647;
			files = (
				D31403742BC27EF200BF9621 /* Preview Assets.xcassets in Resources */,
				D31403712BC27EF200BF9621 /* Assets.xcassets in Resources */,
			);
			runOnlyForDeploymentPostprocessing = 0;
		};
/* End PBXResourcesBuildPhase section */

/* Begin PBXSourcesBuildPhase section */
		D31403652BC27EF000BF9621 /* Sources */ = {
			isa = PBXSourcesBuildPhase;
			buildActionMask = 2147483647;
			files = (
				D314036F2BC27EF000BF9621 /* ContentView.swift in Sources */,
				D314037B2BC27F6700BF9621 /* GameView.swift in Sources */,
				D314037D2BC27F7700BF9621 /* BingoClient.swift in Sources */,
				D314036D2BC27EF000BF9621 /* BingoApp.swift in Sources */,
			);
			runOnlyForDeploymentPostprocessing = 0;
		};
/* End PBXSourcesBuildPhase section */

/* Begin XCBuildConfiguration section */
		D31403752BC27EF200BF9621 /* Debug */ = {
			isa = XCBuildConfiguration;
			buildSettings = {
				ALWAYS_SEARCH_USER_PATHS = NO;
				ASSETCATALOG_COMPILER_GENERATE_SWIFT_ASSET_SYMBOL_EXTENSIONS = YES;
				CLANG_ANALYZER_NONNULL = YES;
				CLANG_ANALYZER_NUMBER_OBJECT_CONVERSION = YES_AGGRESSIVE;
				CLANG_CXX_LANGUAGE_STANDARD = "gnu++20";
				CLANG_ENABLE_MODULES = YES;
				CLANG_ENABLE_OBJC_ARC = YES;
				CLANG_ENABLE_OBJC_WEAK = YES;
				CLANG_WARN_BLOCK_CAPTURE_AUTORELEASING = YES;
				CLANG_WARN_BOOL_CONVERSION = YES;
				CLANG_WARN_COMMA = YES;
				CLANG_WARN_CONSTANT_CONVERSION = YES;
				CLANG_WARN_DEPRECATED_OBJC_IMPLEMENTATIONS = YES;
				CLANG_WARN_DIRECT_OBJC_ISA_USAGE = YES_ERROR;
				CLANG_WARN_DOCUMENTATION_COMMENTS = YES;
				CLANG_WARN_EMPTY_BODY = YES;
				CLANG_WARN_ENUM_CONVERSION = YES;
				CLANG_WARN_INFINITE_RECURSION = YES;
				CLANG_WARN_INT_CONVERSION = YES;
				CLANG_WARN_NON_LITERAL_NULL_CONVERSION = YES;
				CLANG_WARN_OBJC_IMPLICIT_RETAIN_SELF = YES;
				CLANG_WARN_OBJC_LITERAL_CONVERSION = YES;
				CLANG_WARN_OBJC_ROOT_CLASS = YES_ERROR;
				CLANG_WARN_QUOTED_INCLUDE_IN_FRAMEWORK_HEADER = YES;
				CLANG_WARN_RANGE_LOOP_ANALYSIS = YES;
				CLANG_WARN_STRICT_PROTOTYPES = YES;
				CLANG_WARN_SUSPICIOUS_MOVE = YES;
				CLANG_WARN_UNGUARDED_AVAILABILITY = YES_AGGRESSIVE;
				CLANG_WARN_UNREACHABLE_CODE = YES;
				CLANG_WARN__DUPLICATE_METHOD_MATCH = YES;
				COPY_PHASE_STRIP = NO;
				DEBUG_INFORMATION_FORMAT = dwarf;
				ENABLE_STRICT_OBJC_MSGSEND = YES;
				ENABLE_TESTABILITY = YES;
				ENABLE_USER_SCRIPT_SANDBOXING = YES;
				GCC_C_LANGUAGE_STANDARD = gnu17;
				GCC_DYNAMIC_NO_PIC = NO;
				GCC_NO_COMMON_BLOCKS = YES;
				GCC_OPTIMIZATION_LEVEL = 0;
				GCC_PREPROCESSOR_DEFINITIONS = (
					"DEBUG=1",
					"$(inherited)",
				);
				GCC_WARN_64_TO_32_BIT_CONVERSION = YES;
				GCC_WARN_ABOUT_RETURN_TYPE = YES_ERROR;
				GCC_WARN_UNDECLARED_SELECTOR = YES;
				GCC_WARN_UNINITIALIZED_AUTOS = YES_AGGRESSIVE;
				GCC_WARN_UNUSED_FUNCTION = YES;
				GCC_WARN_UNUSED_VARIABLE = YES;
				IPHONEOS_DEPLOYMENT_TARGET = 17.4;
				LOCALIZATION_PREFERS_STRING_CATALOGS = YES;
				MTL_ENABLE_DEBUG_INFO = INCLUDE_SOURCE;
				MTL_FAST_MATH = YES;
				ONLY_ACTIVE_ARCH = YES;
				SDKROOT = iphoneos;
				SWIFT_ACTIVE_COMPILATION_CONDITIONS = "DEBUG $(inherited)";
				SWIFT_OPTIMIZATION_LEVEL = "-Onone";
			};
			name = Debug;
		};
		D31403762BC27EF200BF9621 /* Release */ = {
			isa = XCBuildConfiguration;
			buildSettings = {
				ALWAYS_SEARCH_USER_PATHS = NO;
				ASSETCATALOG_COMPILER_GENERATE_SWIFT_ASSET_SYMBOL_EXTENSIONS = YES;
				CLANG_ANALYZER_NONNULL = YES;
				CLANG_ANALYZER_NUMBER_OBJECT_CONVERSION = YES_AGGRESSIVE;
				CLANG_CXX_LANGUAGE_STANDARD = "gnu++20";
				CLANG_ENABLE_MODULES = YES;
				CLANG_ENABLE_OBJC_ARC = YES;
				CLANG_ENABLE_OBJC_WEAK = YES;
				CLANG_WARN_BLOCK_CAPTURE_AUTORELEASING = YES;
				CLANG_WARN_BOOL_CONVERSION = YES;
				CLANG_WARN_COMMA = YES;
				CLANG_WARN_CONSTANT_CONVERSION = YES;
				CLANG_WARN_DEPRECATED_OBJC_IMPLEMENTATIONS = YES;
				CLANG_WARN_DIRECT_OBJC_ISA_USAGE = YES_ERROR;
				CLANG_WARN_DOCUMENTATION_COMMENTS = YES;
				CLANG_WARN_EMPTY_BODY = YES;
				CLANG_WARN_ENUM_CONVERSION = YES;
				CLANG_WARN_INFINITE_RECURSION = YES;
				CLANG_WARN_INT_CONVERSION = YES;
				CLANG_WARN_NON_LITERAL_NULL_CONVERSION = YES;
				CLANG_WARN_OBJC_IMPLICIT_RETAIN_SELF = YES;
				CLANG_WARN_OBJC_LITERAL_CONVERSION = YES;
				CLANG_WARN_OBJC_ROOT_CLASS = YES_ERROR;
				CLANG_WARN_QUOTED_INCLUDE_IN_FRAMEWORK_HEADER = YES;
				CLANG_WARN_RANGE_LOOP_ANALYSIS = YES;
				CLANG_WARN_STRICT_PROTOTYPES = YES;
				CLANG_WARN_SUSPICIOUS_MOVE = YES;
				CLANG_WARN_UNGUARDED_AVAILABILITY = YES_AGGRESSIVE;
				CLANG_WARN_UNREACHABLE_CODE = YES;
				CLANG_WARN__DUPLICATE_METHOD_MATCH = YES;
				COPY_PHASE_STRIP = NO;
				DEBUG_INFORMATION_FORMAT = "dwarf-with-dsym";
				ENABLE_NS_ASSERTIONS = NO;
				ENABLE_STRICT_OBJC_MSGSEND = YES;
				ENABLE_USER_SCRIPT_SANDBOXING = YES;
				GCC_C_LANGUAGE_STANDARD = gnu17;
				GCC_NO_COMMON_BLOCKS = YES;
				GCC_WARN_64_TO_32_BIT_CONVERSION = YES;
				GCC_WARN_ABOUT_RETURN_TYPE = YES_ERROR;
				GCC_WARN_UNDECLARED_SELECTOR = YES;
				GCC_WARN_UNINITIALIZED_AUTOS = YES_AGGRESSIVE;
				GCC_WARN_UNUSED_FUNCTION = YES;
				GCC_WARN_UNUSED_VARIABLE = YES;
				IPHONEOS_DEPLOYMENT_TARGET = 17.4;
				LOCALIZATION_PREFERS_STRING_CATALOGS = YES;
				MTL_ENABLE_DEBUG_INFO = NO;
				MTL_FAST_MATH = YES;
				SDKROOT = iphoneos;
				SWIFT_COMPILATION_MODE = wholemodule;
				VALIDATE_PRODUCT = YES;
			};
			name = Release;
		};
		D31403782BC27EF200BF9621 /* Debug */ = {
			isa = XCBuildConfiguration;
			buildSettings = {
				ASSETCATALOG_COMPILER_APPICON_NAME = AppIcon;
				ASSETCATALOG_COMPILER_GLOBAL_ACCENT_COLOR_NAME = AccentColor;
				CODE_SIGN_STYLE = Automatic;
				CURRENT_PROJECT_VERSION = 1;
				DEVELOPMENT_ASSET_PATHS = "\"Bingo-iOS/Preview Content\"";
				DEVELOPMENT_TEAM = DW8PG2JYW5;
				ENABLE_PREVIEWS = YES;
				GENERATE_INFOPLIST_FILE = YES;
				INFOPLIST_KEY_UIApplicationSceneManifest_Generation = YES;
				INFOPLIST_KEY_UIApplicationSupportsIndirectInputEvents = YES;
				INFOPLIST_KEY_UILaunchScreen_Generation = YES;
				INFOPLIST_KEY_UISupportedInterfaceOrientations_iPad = "UIInterfaceOrientationPortrait UIInterfaceOrientationPortraitUpsideDown UIInterfaceOrientationLandscapeLeft UIInterfaceOrientationLandscapeRight";
				INFOPLIST_KEY_UISupportedInterfaceOrientations_iPhone = "UIInterfaceOrientationPortrait UIInterfaceOrientationLandscapeLeft UIInterfaceOrientationLandscapeRight";
				LD_RUNPATH_SEARCH_PATHS = (
					"$(inherited)",
					"@executable_path/Frameworks",
				);
				MARKETING_VERSION = 1.0;
				PRODUCT_BUNDLE_IDENTIFIER = "com.brianchang.Bingo-iOS";
				PRODUCT_NAME = "$(TARGET_NAME)";
				SWIFT_EMIT_LOC_STRINGS = YES;
				SWIFT_VERSION = 5.0;
				TARGETED_DEVICE_FAMILY = "1,2";
			};
			name = Debug;
		};
		D31403792BC27EF200BF9621 /* Release */ = {
			isa = XCBuildConfiguration;
			buildSettings = {
				ASSETCATALOG_COMPILER_APPICON_NAME = AppIcon;
				ASSETCATALOG_COMPILER_GLOBAL_ACCENT_COLOR_NAME = AccentColor;
				CODE_SIGN_STYLE = Automatic;
				CURRENT_PROJECT_VERSION = 1;
				DEVELOPMENT_ASSET_PATHS = "\"Bingo-iOS/Preview Content\"";
				DEVELOPMENT_TEAM = DW8PG2JYW5;
				ENABLE_PREVIEWS = YES;
				GENERATE_INFOPLIST_FILE = YES;
				INFOPLIST_KEY_UIApplicationSceneManifest_Generation = YES;
				INFOPLIST_KEY_UIApplicationSupportsIndirectInputEvents = YES;
				INFOPLIST_KEY_UILaunchScreen_Generation = YES;
				INFOPLIST_KEY_UISupportedInterfaceOrientations_iPad = "UIInterfaceOrientationPortrait UIInterfaceOrientationPortraitUpsideDown UIInterfaceOrientationLandscapeLeft UIInterfaceOrientationLandscapeRight";
				INFOPLIST_KEY_UISupportedInterfaceOrientations_iPhone = "UIInterfaceOrientationPortrait UIInterfaceOrientationLandscapeLeft UIInterfaceOrientationLandscapeRight";
				LD_RUNPATH_SEARCH_PATHS = (
					"$(inherited)",
					"@executable_path/Frameworks",
				);
				MARKETING_VERSION = 1.0;
				PRODUCT_BUNDLE_IDENTIFIER = "com.brianchang.Bingo-iOS";
				PRODUCT_NAME = "$(TARGET_NAME)";
				SWIFT_EMIT_LOC_STRINGS = YES;
				SWIFT_VERSION = 5.0;
				TARGETED_DEVICE_FAMILY = "1,2";
			};
			name = Release;
		};
/* End XCBuildConfiguration section */

/* Begin XCConfigurationList section */
		D31403642BC27EF000BF9621 /* Build configuration list for PBXProject "Bingo-iOS" */ = {
			isa = XCConfigurationList;
			buildConfigurations = (
				D31403752BC27EF200BF9621 /* Debug */,
				D31403762BC27EF200BF9621 /* Release */,
			);
			defaultConfigurationIsVisible = 0;
			defaultConfigurationName = Release;
		};
		D31403772BC27EF200BF9621 /* Build configuration list for PBXNativeTarget "Bingo-iOS" */ = {
			isa = XCConfigurationList;
			buildConfigurations = (
				D31403782BC27EF200BF9621 /* Debug */,
				D31403792BC27EF200BF9621 /* Release */,
			);
			defaultConfigurationIsVisible = 0;
			defaultConfigurationName = Release;
		};
/* End XCConfigurationList section */

/* Begin XCRemoteSwiftPackageReference section */
		D314037E2BC2807700BF9621 /* XCRemoteSwiftPackageReference "socket" */ = {
			isa = XCRemoteSwiftPackageReference;
			repositoryURL = "https://github.com/socketio/socket.io-client-swift";
			requirement = {
				kind = upToNextMajorVersion;
				minimumVersion = 16.0.0;
			};
		};
		D31403812BC280A700BF9621 /* XCRemoteSwiftPackageReference "swift-collections" */ = {
			isa = XCRemoteSwiftPackageReference;
			repositoryURL = "https://github.com/apple/swift-collections.git";
			requirement = {
				kind = exactVersion;
				version = 1.0.0;
			};
		};
/* End XCRemoteSwiftPackageReference section */

/* Begin XCSwiftPackageProductDependency section */
		D314037F2BC2807700BF9621 /* SocketIO */ = {
			isa = XCSwiftPackageProductDependency;
			package = D314037E2BC2807700BF9621 /* XCRemoteSwiftPackageReference "socket" */;
			productName = SocketIO;
		};
		D31403822BC280A700BF9621 /* Collections */ = {
			isa = XCSwiftPackageProductDependency;
			package = D31403812BC280A700BF9621 /* XCRemoteSwiftPackageReference "swift-collections" */;
			productName = Collections;
		};
		D31403842BC280A700BF9621 /* DequeModule */ = {
			isa = XCSwiftPackageProductDependency;
			package = D31403812BC280A700BF9621 /* XCRemoteSwiftPackageReference "swift-collections" */;
			productName = DequeModule;
		};
		D31403862BC280A700BF9621 /* OrderedCollections */ = {
			isa = XCSwiftPackageProductDependency;
			package = D31403812BC280A700BF9621 /* XCRemoteSwiftPackageReference "swift-collections" */;
			productName = OrderedCollections;
		};
/* End XCSwiftPackageProductDependency section */
	};
	rootObject = D31403612BC27EF000BF9621 /* Project object */;
}
