
Microsoft Visual Studio Solution File, Format Version 12.00
# Visual Studio Version 17
VisualStudioVersion = 17.6.33712.159
MinimumVisualStudioVersion = 10.0.40219.1
Project("{8BC9CEB8-8B4A-11D0-8D11-00A0C91BC942}") = "HW1", "HW1\HW1.vcxproj", "{C42C05CA-E5FD-45F7-B182-DEF0E5EA648A}"
EndProject
Global
	GlobalSection(SolutionConfigurationPlatforms) = preSolution
		Debug|x64 = Debug|x64
		Debug|x86 = Debug|x86
		Release|x64 = Release|x64
		Release|x86 = Release|x86
	EndGlobalSection
	GlobalSection(ProjectConfigurationPlatforms) = postSolution
		{C42C05CA-E5FD-45F7-B182-DEF0E5EA648A}.Debug|x64.ActiveCfg = Debug|x64
		{C42C05CA-E5FD-45F7-B182-DEF0E5EA648A}.Debug|x64.Build.0 = Debug|x64
		{C42C05CA-E5FD-45F7-B182-DEF0E5EA648A}.Debug|x86.ActiveCfg = Debug|Win32
		{C42C05CA-E5FD-45F7-B182-DEF0E5EA648A}.Debug|x86.Build.0 = Debug|Win32
		{C42C05CA-E5FD-45F7-B182-DEF0E5EA648A}.Release|x64.ActiveCfg = Release|x64
		{C42C05CA-E5FD-45F7-B182-DEF0E5EA648A}.Release|x64.Build.0 = Release|x64
		{C42C05CA-E5FD-45F7-B182-DEF0E5EA648A}.Release|x86.ActiveCfg = Release|Win32
		{C42C05CA-E5FD-45F7-B182-DEF0E5EA648A}.Release|x86.Build.0 = Release|Win32
	EndGlobalSection
	GlobalSection(SolutionProperties) = preSolution
		HideSolutionNode = FALSE
	EndGlobalSection
	GlobalSection(ExtensibilityGlobals) = postSolution
		SolutionGuid = {B6F8548B-D10B-4E7E-B1B2-F8749142E587}
	EndGlobalSection
EndGlobal
